
Microsoft Visual Studio Solution File, Format Version 12.00
# Visual Studio 15
VisualStudioVersion = 15.0.28010.2026
MinimumVisualStudioVersion = 10.0.40219.1
Project("{FAE04EC0-301F-11D3-BF4B-00C04F79EFBC}") = "Consola", "Consola\Consola.csproj", "{851364FD-579D-4872-BCEF-FEB53FEB9E7F}"
EndProject
Project("{FAE04EC0-301F-11D3-BF4B-00C04F79EFBC}") = "Lib", "Lib\Lib.csproj", "{68C37B86-099A-4AEB-8CC8-332223AA9C0E}"
EndProject
Project("{2150E333-8FDC-42A3-9474-1A3956D46DE8}") = "Dll", "Dll", "{A949348D-52FA-413B-B21A-3457885AC625}"
	ProjectSection(SolutionItems) = preProject
		Dll\Evotec.Utils.LogLibrary.dll = Dll\Evotec.Utils.LogLibrary.dll
	EndProjectSection
EndProject
Project("{FAE04EC0-301F-11D3-BF4B-00C04F79EFBC}") = "Servicio", "Servicio\Servicio.csproj", "{ED270438-1665-4B18-AEB8-F5DFEE602F70}"
EndProject
Global
	GlobalSection(SolutionConfigurationPlatforms) = preSolution
		Debug|Any CPU = Debug|Any CPU
		Release|Any CPU = Release|Any CPU
	EndGlobalSection
	GlobalSection(ProjectConfigurationPlatforms) = postSolution
		{851364FD-579D-4872-BCEF-FEB53FEB9E7F}.Debug|Any CPU.ActiveCfg = Debug|Any CPU
		{851364FD-579D-4872-BCEF-FEB53FEB9E7F}.Debug|Any CPU.Build.0 = Debug|Any CPU
		{851364FD-579D-4872-BCEF-FEB53FEB9E7F}.Release|Any CPU.ActiveCfg = Release|Any CPU
		{851364FD-579D-4872-BCEF-FEB53FEB9E7F}.Release|Any CPU.Build.0 = Release|Any CPU
		{68C37B86-099A-4AEB-8CC8-332223AA9C0E}.Debug|Any CPU.ActiveCfg = Debug|Any CPU
		{68C37B86-099A-4AEB-8CC8-332223AA9C0E}.Debug|Any CPU.Build.0 = Debug|Any CPU
		{68C37B86-099A-4AEB-8CC8-332223AA9C0E}.Release|Any CPU.ActiveCfg = Release|Any CPU
		{68C37B86-099A-4AEB-8CC8-332223AA9C0E}.Release|Any CPU.Build.0 = Release|Any CPU
		{ED270438-1665-4B18-AEB8-F5DFEE602F70}.Debug|Any CPU.ActiveCfg = Debug|Any CPU
		{ED270438-1665-4B18-AEB8-F5DFEE602F70}.Debug|Any CPU.Build.0 = Debug|Any CPU
		{ED270438-1665-4B18-AEB8-F5DFEE602F70}.Release|Any CPU.ActiveCfg = Release|Any CPU
		{ED270438-1665-4B18-AEB8-F5DFEE602F70}.Release|Any CPU.Build.0 = Release|Any CPU
	EndGlobalSection
	GlobalSection(SolutionProperties) = preSolution
		HideSolutionNode = FALSE
	EndGlobalSection
	GlobalSection(ExtensibilityGlobals) = postSolution
		SolutionGuid = {83E704CF-2A41-4165-8676-F18B0CF6940A}
	EndGlobalSection
EndGlobal
